
Microsoft Visual Studio Solution File, Format Version 12.00
# Visual Studio Version 17
VisualStudioVersion = 17.9.34723.18
MinimumVisualStudioVersion = 10.0.40219.1
Project("{F184B08F-C81C-45F6-A57F-5ABD9991F28F}") = "PRUEBACONEXION", "PRUEBACONEXION\PRUEBACONEXION.vbproj", "{BFB647CB-7DEF-4B30-8D67-78987578D46D}"
EndProject
Project("{911E67C6-3D85-4FCE-B560-20A9C3E3FF48}") = "Proyecto", "..\..\..\Downloads\Proyecto\Proyecto\Proyecto\bin\Debug\Proyecto.exe", "{7D5D5655-1A98-4DC0-A793-26E80ACF92ED}"
	ProjectSection(DebuggerProjectSystem) = preProject
		PortSupplier = 00000000-0000-0000-0000-000000000000
		Executable = C:\Users\Marisol\Downloads\Proyecto\Proyecto\Proyecto\bin\Debug\Proyecto.exe
		RemoteMachine = MARISOL
		StartingDirectory = C:\Users\Marisol\Downloads\Proyecto\Proyecto\Proyecto\bin\Debug
		Environment = Predeterminado
		LaunchingEngine = 00000000-0000-0000-0000-000000000000
		UseLegacyDebugEngines = No
		LaunchSQLEngine = No
		AttachLaunchAction = No
		IORedirection = Auto
	EndProjectSection
EndProject
Global
	GlobalSection(SolutionConfigurationPlatforms) = preSolution
		Debug|Any CPU = Debug|Any CPU
		Debug|x86 = Debug|x86
		Release|Any CPU = Release|Any CPU
		Release|x86 = Release|x86
	EndGlobalSection
	GlobalSection(ProjectConfigurationPlatforms) = postSolution
		{BFB647CB-7DEF-4B30-8D67-78987578D46D}.Debug|Any CPU.ActiveCfg = Debug|Any CPU
		{BFB647CB-7DEF-4B30-8D67-78987578D46D}.Debug|Any CPU.Build.0 = Debug|Any CPU
		{BFB647CB-7DEF-4B30-8D67-78987578D46D}.Debug|x86.ActiveCfg = Debug|Any CPU
		{BFB647CB-7DEF-4B30-8D67-78987578D46D}.Debug|x86.Build.0 = Debug|Any CPU
		{BFB647CB-7DEF-4B30-8D67-78987578D46D}.Release|Any CPU.ActiveCfg = Release|Any CPU
		{BFB647CB-7DEF-4B30-8D67-78987578D46D}.Release|Any CPU.Build.0 = Release|Any CPU
		{BFB647CB-7DEF-4B30-8D67-78987578D46D}.Release|x86.ActiveCfg = Release|Any CPU
		{BFB647CB-7DEF-4B30-8D67-78987578D46D}.Release|x86.Build.0 = Release|Any CPU
		{7D5D5655-1A98-4DC0-A793-26E80ACF92ED}.Debug|Any CPU.ActiveCfg = Release|x86
		{7D5D5655-1A98-4DC0-A793-26E80ACF92ED}.Debug|x86.ActiveCfg = Release|x86
		{7D5D5655-1A98-4DC0-A793-26E80ACF92ED}.Release|Any CPU.ActiveCfg = Release|x86
		{7D5D5655-1A98-4DC0-A793-26E80ACF92ED}.Release|x86.ActiveCfg = Release|x86
	EndGlobalSection
	GlobalSection(SolutionProperties) = preSolution
		HideSolutionNode = FALSE
	EndGlobalSection
	GlobalSection(ExtensibilityGlobals) = postSolution
		SolutionGuid = {9285D436-8EAD-4FEE-A0DC-8AFAC409E72C}
	EndGlobalSection
EndGlobal
